// !$*UTF8*$!
{
	archiveVersion = 1;
	classes = {
	};
	objectVersion = 56;
	objects = {

/* Begin PBXBuildFile section */
		B10000000000000000000001 /* VoicePromptApp.swift in Sources */ = {isa = PBXBuildFile; fileRef = B10000000000000000000002 /* VoicePromptApp.swift */; };
		B10000000000000000000003 /* MenuBarMenu.swift in Sources */ = {isa = PBXBuildFile; fileRef = B10000000000000000000004 /* MenuBarMenu.swift */; };
		B10000000000000000000005 /* Assets.xcassets in Resources */ = {isa = PBXBuildFile; fileRef = B10000000000000000000006 /* Assets.xcassets */; };
		B10000000000000000000018 /* KeychainService.swift in Sources */ = {isa = PBXBuildFile; fileRef = B10000000000000000000019 /* KeychainService.swift */; };
		B1000000000000000000001A /* AppSettings.swift in Sources */ = {isa = PBXBuildFile; fileRef = B1000000000000000000001B /* AppSettings.swift */; };
		B1000000000000000000001C /* PreferencesView.swift in Sources */ = {isa = PBXBuildFile; fileRef = B1000000000000000000001D /* PreferencesView.swift */; };
		B1000000000000000000001E /* GeneralPreferences.swift in Sources */ = {isa = PBXBuildFile; fileRef = B1000000000000000000001F /* GeneralPreferences.swift */; };
		B10000000000000000000023 /* HUDState.swift in Sources */ = {isa = PBXBuildFile; fileRef = B10000000000000000000024 /* HUDState.swift */; };
		B10000000000000000000025 /* HotkeyManager.swift in Sources */ = {isa = PBXBuildFile; fileRef = B10000000000000000000026 /* HotkeyManager.swift */; };
		B10000000000000000000027 /* HotkeyBinding.swift in Sources */ = {isa = PBXBuildFile; fileRef = B10000000000000000000028 /* HotkeyBinding.swift */; };
		B10000000000000000000029 /* AudioRecorder.swift in Sources */ = {isa = PBXBuildFile; fileRef = B1000000000000000000002A /* AudioRecorder.swift */; };
		B1000000000000000000002B /* HotkeyPreferences.swift in Sources */ = {isa = PBXBuildFile; fileRef = B1000000000000000000002C /* HotkeyPreferences.swift */; };
		B1000000000000000000002D /* PermissionsHelper.swift in Sources */ = {isa = PBXBuildFile; fileRef = B1000000000000000000002E /* PermissionsHelper.swift */; };
		B10000000000000000000032 /* WhisperKit in Frameworks */ = {isa = PBXBuildFile; productRef = B10000000000000000000031 /* WhisperKit */; };
		B10000000000000000000034 /* TranscriptionService.swift in Sources */ = {isa = PBXBuildFile; fileRef = B10000000000000000000033 /* TranscriptionService.swift */; };
		B10000000000000000000036 /* AIProviderKind.swift in Sources */ = {isa = PBXBuildFile; fileRef = B10000000000000000000035 /* AIProviderKind.swift */; };
		B10000000000000000000038 /* PromptDefaults.swift in Sources */ = {isa = PBXBuildFile; fileRef = B10000000000000000000037 /* PromptDefaults.swift */; };
		B1000000000000000000003A /* PipelineError.swift in Sources */ = {isa = PBXBuildFile; fileRef = B10000000000000000000039 /* PipelineError.swift */; };
		B1000000000000000000003C /* AIProvider.swift in Sources */ = {isa = PBXBuildFile; fileRef = B1000000000000000000003B /* AIProvider.swift */; };
		B1000000000000000000003E /* GeminiProvider.swift in Sources */ = {isa = PBXBuildFile; fileRef = B1000000000000000000003D /* GeminiProvider.swift */; };
		B10000000000000000000A02 /* ProviderSpec.swift in Sources */ = {isa = PBXBuildFile; fileRef = B10000000000000000000A01 /* ProviderSpec.swift */; };
		B10000000000000000000A04 /* ProviderRegistry.swift in Sources */ = {isa = PBXBuildFile; fileRef = B10000000000000000000A03 /* ProviderRegistry.swift */; };
		B10000000000000000000A06 /* ModelCatalog.swift in Sources */ = {isa = PBXBuildFile; fileRef = B10000000000000000000A05 /* ModelCatalog.swift */; };
		B10000000000000000000A08 /* OpenAICompatibleProvider.swift in Sources */ = {isa = PBXBuildFile; fileRef = B10000000000000000000A07 /* OpenAICompatibleProvider.swift */; };
		B10000000000000000000A0A /* AnthropicProvider.swift in Sources */ = {isa = PBXBuildFile; fileRef = B10000000000000000000A09 /* AnthropicProvider.swift */; };
		B10000000000000000000A0C /* ModelDirectoryService.swift in Sources */ = {isa = PBXBuildFile; fileRef = B10000000000000000000A0B /* ModelDirectoryService.swift */; };
		B10000000000000000000B02 /* WhisperModelCatalog.swift in Sources */ = {isa = PBXBuildFile; fileRef = B10000000000000000000B01 /* WhisperModelCatalog.swift */; };
		B10000000000000000000B04 /* SpeechPreferences.swift in Sources */ = {isa = PBXBuildFile; fileRef = B10000000000000000000B03 /* SpeechPreferences.swift */; };
		B10000000000000000000B06 /* WhisperModelCache.swift in Sources */ = {isa = PBXBuildFile; fileRef = B10000000000000000000B05 /* WhisperModelCache.swift */; };
		B10000000000000000000B08 /* ContactPreferences.swift in Sources */ = {isa = PBXBuildFile; fileRef = B10000000000000000000B07 /* ContactPreferences.swift */; };
		B10000000000000000000C02 /* WelcomeView.swift in Sources */ = {isa = PBXBuildFile; fileRef = B10000000000000000000C01 /* WelcomeView.swift */; };
		B10000000000000000000B0A /* ErrorReporter.swift in Sources */ = {isa = PBXBuildFile; fileRef = B10000000000000000000B09 /* ErrorReporter.swift */; };
		B10000000000000000000D02 /* SoundEffects.swift in Sources */ = {isa = PBXBuildFile; fileRef = B10000000000000000000D01 /* SoundEffects.swift */; };
		B10000000000000000000D04 /* DiagnosticLog.swift in Sources */ = {isa = PBXBuildFile; fileRef = B10000000000000000000D03 /* DiagnosticLog.swift */; };
		B10000000000000000000D06 /* AppLifecycle.swift in Sources */ = {isa = PBXBuildFile; fileRef = B10000000000000000000D05 /* AppLifecycle.swift */; };
		B10000000000000000000048 /* RecordingCleanup.swift in Sources */ = {isa = PBXBuildFile; fileRef = B10000000000000000000047 /* RecordingCleanup.swift */; };
		B1000000000000000000004A /* TextInserter.swift in Sources */ = {isa = PBXBuildFile; fileRef = B10000000000000000000049 /* TextInserter.swift */; };
		B10000000000000000000040 /* PipelineCoordinator.swift in Sources */ = {isa = PBXBuildFile; fileRef = B1000000000000000000003F /* PipelineCoordinator.swift */; };
		B10000000000000000000042 /* AIProviderPreferences.swift in Sources */ = {isa = PBXBuildFile; fileRef = B10000000000000000000041 /* AIProviderPreferences.swift */; };
		B1000000000000000000004C /* HUDErrorMessage.swift in Sources */ = {isa = PBXBuildFile; fileRef = B1000000000000000000004B /* HUDErrorMessage.swift */; };
		B1000000000000000000004E /* HUDController.swift in Sources */ = {isa = PBXBuildFile; fileRef = B1000000000000000000004D /* HUDController.swift */; };
		B1000000000000000000005C /* HUDPlacement.swift in Sources */ = {isa = PBXBuildFile; fileRef = B1000000000000000000005D /* HUDPlacement.swift */; };
		B10000000000000000000050 /* HUDPanel.swift in Sources */ = {isa = PBXBuildFile; fileRef = B1000000000000000000004F /* HUDPanel.swift */; };
		B10000000000000000000052 /* HUDCapsule.swift in Sources */ = {isa = PBXBuildFile; fileRef = B10000000000000000000051 /* HUDCapsule.swift */; };
		B10000000000000000000054 /* ListeningView.swift in Sources */ = {isa = PBXBuildFile; fileRef = B10000000000000000000053 /* ListeningView.swift */; };
		B10000000000000000000056 /* ProcessingView.swift in Sources */ = {isa = PBXBuildFile; fileRef = B10000000000000000000055 /* ProcessingView.swift */; };
		B10000000000000000000058 /* SuccessView.swift in Sources */ = {isa = PBXBuildFile; fileRef = B10000000000000000000057 /* SuccessView.swift */; };
		B1000000000000000000005A /* ErrorView.swift in Sources */ = {isa = PBXBuildFile; fileRef = B10000000000000000000059 /* ErrorView.swift */; };
		B1000000000000000000005F /* DoveTheme.swift in Sources */ = {isa = PBXBuildFile; fileRef = B1000000000000000000005E /* DoveTheme.swift */; };
		B10000000000000000000061 /* DoveFormComponents.swift in Sources */ = {isa = PBXBuildFile; fileRef = B10000000000000000000060 /* DoveFormComponents.swift */; };
		B10000000000000000000063 /* DoveSettingsSection.swift in Sources */ = {isa = PBXBuildFile; fileRef = B10000000000000000000062 /* DoveSettingsSection.swift */; };
		B10000000000000000000065 /* DoveSettingsWindow.swift in Sources */ = {isa = PBXBuildFile; fileRef = B10000000000000000000064 /* DoveSettingsWindow.swift */; };
		B10000000000000000000068 /* DoveAppConfig.swift in Sources */ = {isa = PBXBuildFile; fileRef = B10000000000000000000067 /* DoveAppConfig.swift */; };
		B10000000000000000000E02 /* DoveReleaseConfig.swift in Sources */ = {isa = PBXBuildFile; fileRef = B10000000000000000000E01 /* DoveReleaseConfig.swift */; };
		B10000000000000000000E04 /* UpdateChecker.swift in Sources */ = {isa = PBXBuildFile; fileRef = B10000000000000000000E03 /* UpdateChecker.swift */; };
		B1000000000000000000006B /* LaunchAtLoginService.swift in Sources */ = {isa = PBXBuildFile; fileRef = B1000000000000000000006A /* LaunchAtLoginService.swift */; };
/* End PBXBuildFile section */

/* Begin PBXFileReference section */
		B10000000000000000000002 /* VoicePromptApp.swift */ = {isa = PBXFileReference; lastKnownFileType = sourcecode.swift; path = VoicePromptApp.swift; sourceTree = "<group>"; };
		B10000000000000000000004 /* MenuBarMenu.swift */ = {isa = PBXFileReference; lastKnownFileType = sourcecode.swift; path = MenuBarMenu.swift; sourceTree = "<group>"; };
		B10000000000000000000006 /* Assets.xcassets */ = {isa = PBXFileReference; lastKnownFileType = folder.assetcatalog; path = Assets.xcassets; sourceTree = "<group>"; };
		B10000000000000000000007 /* Dove.app */ = {isa = PBXFileReference; explicitFileType = wrapper.application; includeInIndex = 0; path = Dove.app; sourceTree = BUILT_PRODUCTS_DIR; };
		B10000000000000000000008 /* Info.plist */ = {isa = PBXFileReference; lastKnownFileType = text.plist.xml; path = Info.plist; sourceTree = "<group>"; };
		B10000000000000000000019 /* KeychainService.swift */ = {isa = PBXFileReference; lastKnownFileType = sourcecode.swift; path = KeychainService.swift; sourceTree = "<group>"; };
		B1000000000000000000001B /* AppSettings.swift */ = {isa = PBXFileReference; lastKnownFileType = sourcecode.swift; path = AppSettings.swift; sourceTree = "<group>"; };
		B1000000000000000000001D /* PreferencesView.swift */ = {isa = PBXFileReference; lastKnownFileType = sourcecode.swift; path = PreferencesView.swift; sourceTree = "<group>"; };
		B1000000000000000000001F /* GeneralPreferences.swift */ = {isa = PBXFileReference; lastKnownFileType = sourcecode.swift; path = GeneralPreferences.swift; sourceTree = "<group>"; };
		B10000000000000000000024 /* HUDState.swift */ = {isa = PBXFileReference; lastKnownFileType = sourcecode.swift; path = HUDState.swift; sourceTree = "<group>"; };
		B10000000000000000000026 /* HotkeyManager.swift */ = {isa = PBXFileReference; lastKnownFileType = sourcecode.swift; path = HotkeyManager.swift; sourceTree = "<group>"; };
		B10000000000000000000028 /* HotkeyBinding.swift */ = {isa = PBXFileReference; lastKnownFileType = sourcecode.swift; path = HotkeyBinding.swift; sourceTree = "<group>"; };
		B1000000000000000000002A /* AudioRecorder.swift */ = {isa = PBXFileReference; lastKnownFileType = sourcecode.swift; path = AudioRecorder.swift; sourceTree = "<group>"; };
		B1000000000000000000002C /* HotkeyPreferences.swift */ = {isa = PBXFileReference; lastKnownFileType = sourcecode.swift; path = HotkeyPreferences.swift; sourceTree = "<group>"; };
		B1000000000000000000002E /* PermissionsHelper.swift */ = {isa = PBXFileReference; lastKnownFileType = sourcecode.swift; path = PermissionsHelper.swift; sourceTree = "<group>"; };
		B1000000000000000000002F /* VoicePrompt.entitlements */ = {isa = PBXFileReference; lastKnownFileType = text.plist.entitlements; path = Dove.entitlements; sourceTree = "<group>"; };
		B10000000000000000000033 /* TranscriptionService.swift */ = {isa = PBXFileReference; lastKnownFileType = sourcecode.swift; path = TranscriptionService.swift; sourceTree = "<group>"; };
		B10000000000000000000035 /* AIProviderKind.swift */ = {isa = PBXFileReference; lastKnownFileType = sourcecode.swift; path = AIProviderKind.swift; sourceTree = "<group>"; };
		B10000000000000000000037 /* PromptDefaults.swift */ = {isa = PBXFileReference; lastKnownFileType = sourcecode.swift; path = PromptDefaults.swift; sourceTree = "<group>"; };
		B10000000000000000000039 /* PipelineError.swift */ = {isa = PBXFileReference; lastKnownFileType = sourcecode.swift; path = PipelineError.swift; sourceTree = "<group>"; };
		B1000000000000000000003B /* AIProvider.swift */ = {isa = PBXFileReference; lastKnownFileType = sourcecode.swift; path = AIProvider.swift; sourceTree = "<group>"; };
		B1000000000000000000003D /* GeminiProvider.swift */ = {isa = PBXFileReference; lastKnownFileType = sourcecode.swift; path = GeminiProvider.swift; sourceTree = "<group>"; };
		B10000000000000000000A01 /* ProviderSpec.swift */ = {isa = PBXFileReference; lastKnownFileType = sourcecode.swift; path = ProviderSpec.swift; sourceTree = "<group>"; };
		B10000000000000000000A03 /* ProviderRegistry.swift */ = {isa = PBXFileReference; lastKnownFileType = sourcecode.swift; path = ProviderRegistry.swift; sourceTree = "<group>"; };
		B10000000000000000000A05 /* ModelCatalog.swift */ = {isa = PBXFileReference; lastKnownFileType = sourcecode.swift; path = ModelCatalog.swift; sourceTree = "<group>"; };
		B10000000000000000000A07 /* OpenAICompatibleProvider.swift */ = {isa = PBXFileReference; lastKnownFileType = sourcecode.swift; path = OpenAICompatibleProvider.swift; sourceTree = "<group>"; };
		B10000000000000000000A09 /* AnthropicProvider.swift */ = {isa = PBXFileReference; lastKnownFileType = sourcecode.swift; path = AnthropicProvider.swift; sourceTree = "<group>"; };
		B10000000000000000000A0B /* ModelDirectoryService.swift */ = {isa = PBXFileReference; lastKnownFileType = sourcecode.swift; path = ModelDirectoryService.swift; sourceTree = "<group>"; };
		B10000000000000000000B01 /* WhisperModelCatalog.swift */ = {isa = PBXFileReference; lastKnownFileType = sourcecode.swift; path = WhisperModelCatalog.swift; sourceTree = "<group>"; };
		B10000000000000000000B03 /* SpeechPreferences.swift */ = {isa = PBXFileReference; lastKnownFileType = sourcecode.swift; path = SpeechPreferences.swift; sourceTree = "<group>"; };
		B10000000000000000000B05 /* WhisperModelCache.swift */ = {isa = PBXFileReference; lastKnownFileType = sourcecode.swift; path = WhisperModelCache.swift; sourceTree = "<group>"; };
		B10000000000000000000B07 /* ContactPreferences.swift */ = {isa = PBXFileReference; lastKnownFileType = sourcecode.swift; path = ContactPreferences.swift; sourceTree = "<group>"; };
		B10000000000000000000C01 /* WelcomeView.swift */ = {isa = PBXFileReference; lastKnownFileType = sourcecode.swift; path = WelcomeView.swift; sourceTree = "<group>"; };
		B10000000000000000000B09 /* ErrorReporter.swift */ = {isa = PBXFileReference; lastKnownFileType = sourcecode.swift; path = ErrorReporter.swift; sourceTree = "<group>"; };
		B10000000000000000000D01 /* SoundEffects.swift */ = {isa = PBXFileReference; lastKnownFileType = sourcecode.swift; path = SoundEffects.swift; sourceTree = "<group>"; };
		B10000000000000000000D03 /* DiagnosticLog.swift */ = {isa = PBXFileReference; lastKnownFileType = sourcecode.swift; path = DiagnosticLog.swift; sourceTree = "<group>"; };
		B10000000000000000000D05 /* AppLifecycle.swift */ = {isa = PBXFileReference; lastKnownFileType = sourcecode.swift; path = AppLifecycle.swift; sourceTree = "<group>"; };
		B10000000000000000000047 /* RecordingCleanup.swift */ = {isa = PBXFileReference; lastKnownFileType = sourcecode.swift; path = RecordingCleanup.swift; sourceTree = "<group>"; };
		B10000000000000000000049 /* TextInserter.swift */ = {isa = PBXFileReference; lastKnownFileType = sourcecode.swift; path = TextInserter.swift; sourceTree = "<group>"; };
		B1000000000000000000003F /* PipelineCoordinator.swift */ = {isa = PBXFileReference; lastKnownFileType = sourcecode.swift; path = PipelineCoordinator.swift; sourceTree = "<group>"; };
		B10000000000000000000041 /* AIProviderPreferences.swift */ = {isa = PBXFileReference; lastKnownFileType = sourcecode.swift; path = AIProviderPreferences.swift; sourceTree = "<group>"; };
		B1000000000000000000004B /* HUDErrorMessage.swift */ = {isa = PBXFileReference; lastKnownFileType = sourcecode.swift; path = HUDErrorMessage.swift; sourceTree = "<group>"; };
		B1000000000000000000004D /* HUDController.swift */ = {isa = PBXFileReference; lastKnownFileType = sourcecode.swift; path = HUDController.swift; sourceTree = "<group>"; };
		B1000000000000000000005D /* HUDPlacement.swift */ = {isa = PBXFileReference; lastKnownFileType = sourcecode.swift; path = HUDPlacement.swift; sourceTree = "<group>"; };
		B1000000000000000000004F /* HUDPanel.swift */ = {isa = PBXFileReference; lastKnownFileType = sourcecode.swift; path = HUDPanel.swift; sourceTree = "<group>"; };
		B10000000000000000000051 /* HUDCapsule.swift */ = {isa = PBXFileReference; lastKnownFileType = sourcecode.swift; path = HUDCapsule.swift; sourceTree = "<group>"; };
		B10000000000000000000053 /* ListeningView.swift */ = {isa = PBXFileReference; lastKnownFileType = sourcecode.swift; path = ListeningView.swift; sourceTree = "<group>"; };
		B10000000000000000000055 /* ProcessingView.swift */ = {isa = PBXFileReference; lastKnownFileType = sourcecode.swift; path = ProcessingView.swift; sourceTree = "<group>"; };
		B10000000000000000000057 /* SuccessView.swift */ = {isa = PBXFileReference; lastKnownFileType = sourcecode.swift; path = SuccessView.swift; sourceTree = "<group>"; };
		B10000000000000000000059 /* ErrorView.swift */ = {isa = PBXFileReference; lastKnownFileType = sourcecode.swift; path = ErrorView.swift; sourceTree = "<group>"; };
		B1000000000000000000005E /* DoveTheme.swift */ = {isa = PBXFileReference; lastKnownFileType = sourcecode.swift; path = DoveTheme.swift; sourceTree = "<group>"; };
		B10000000000000000000060 /* DoveFormComponents.swift */ = {isa = PBXFileReference; lastKnownFileType = sourcecode.swift; path = DoveFormComponents.swift; sourceTree = "<group>"; };
		B10000000000000000000062 /* DoveSettingsSection.swift */ = {isa = PBXFileReference; lastKnownFileType = sourcecode.swift; path = DoveSettingsSection.swift; sourceTree = "<group>"; };
		B10000000000000000000064 /* DoveSettingsWindow.swift */ = {isa = PBXFileReference; lastKnownFileType = sourcecode.swift; path = DoveSettingsWindow.swift; sourceTree = "<group>"; };
		B10000000000000000000067 /* DoveAppConfig.swift */ = {isa = PBXFileReference; lastKnownFileType = sourcecode.swift; path = DoveAppConfig.swift; sourceTree = "<group>"; };
		B10000000000000000000E01 /* DoveReleaseConfig.swift */ = {isa = PBXFileReference; lastKnownFileType = sourcecode.swift; path = DoveReleaseConfig.swift; sourceTree = "<group>"; };
		B10000000000000000000E03 /* UpdateChecker.swift */ = {isa = PBXFileReference; lastKnownFileType = sourcecode.swift; path = UpdateChecker.swift; sourceTree = "<group>"; };
		B1000000000000000000006A /* LaunchAtLoginService.swift */ = {isa = PBXFileReference; lastKnownFileType = sourcecode.swift; path = LaunchAtLoginService.swift; sourceTree = "<group>"; };
/* End PBXFileReference section */

/* Begin PBXFrameworksBuildPhase section */
		B10000000000000000000009 /* Frameworks */ = {
			isa = PBXFrameworksBuildPhase;
			buildActionMask = 2147483647;
			files = (
				B10000000000000000000032 /* WhisperKit in Frameworks */,
			);
			runOnlyForDeploymentPostprocessing = 0;
		};
/* End PBXFrameworksBuildPhase section */

/* Begin PBXGroup section */
		B1000000000000000000000A = {
			isa = PBXGroup;
			children = (
				B1000000000000000000000B /* VoicePrompt */,
				B1000000000000000000000C /* Products */,
			);
			sourceTree = "<group>";
		};
		B1000000000000000000000B /* app */ = {
			isa = PBXGroup;
			children = (
				B10000000000000000000002 /* VoicePromptApp.swift */,
				B10000000000000000000066 /* Dove */,
				B10000000000000000000069 /* Config */,
				B10000000000000000000044 /* AI */,
				B10000000000000000000021 /* Models */,
				B10000000000000000000020 /* Services */,
				B1000000000000000000000D /* Views */,
				B10000000000000000000006 /* Assets.xcassets */,
				B10000000000000000000008 /* Info.plist */,
				B1000000000000000000002F /* VoicePrompt.entitlements */,
			);
			path = app;
			sourceTree = "<group>";
		};
		B10000000000000000000066 /* Dove */ = {
			isa = PBXGroup;
			children = (
				B1000000000000000000005E /* DoveTheme.swift */,
				B10000000000000000000060 /* DoveFormComponents.swift */,
				B10000000000000000000062 /* DoveSettingsSection.swift */,
				B10000000000000000000064 /* DoveSettingsWindow.swift */,
			);
			path = Dove;
			sourceTree = "<group>";
		};
		B10000000000000000000069 /* Config */ = {
			isa = PBXGroup;
			children = (
				B10000000000000000000067 /* DoveAppConfig.swift */,
				B10000000000000000000E01 /* DoveReleaseConfig.swift */,
			);
			path = Config;
			sourceTree = "<group>";
		};
		B1000000000000000000000C /* Products */ = {
			isa = PBXGroup;
			children = (
				B10000000000000000000007 /* Dove.app */,
			);
			name = Products;
			sourceTree = "<group>";
		};
		B1000000000000000000000D /* Views */ = {
			isa = PBXGroup;
			children = (
				B10000000000000000000004 /* MenuBarMenu.swift */,
				B1000000000000000000005B /* HUD */,
				B10000000000000000000022 /* Preferences */,
				B10000000000000000000C00 /* Welcome */,
			);
			path = Views;
			sourceTree = "<group>";
		};
		B1000000000000000000005B /* HUD */ = {
			isa = PBXGroup;
			children = (
				B1000000000000000000004F /* HUDPanel.swift */,
				B10000000000000000000051 /* HUDCapsule.swift */,
				B10000000000000000000053 /* ListeningView.swift */,
				B10000000000000000000055 /* ProcessingView.swift */,
				B10000000000000000000057 /* SuccessView.swift */,
				B10000000000000000000059 /* ErrorView.swift */,
			);
			path = HUD;
			sourceTree = "<group>";
		};
		B10000000000000000000020 /* Services */ = {
			isa = PBXGroup;
			children = (
				B10000000000000000000019 /* KeychainService.swift */,
				B10000000000000000000026 /* HotkeyManager.swift */,
				B1000000000000000000002A /* AudioRecorder.swift */,
				B1000000000000000000002E /* PermissionsHelper.swift */,
				B10000000000000000000033 /* TranscriptionService.swift */,
				B10000000000000000000047 /* RecordingCleanup.swift */,
				B10000000000000000000049 /* TextInserter.swift */,
				B1000000000000000000004D /* HUDController.swift */,
				B1000000000000000000005D /* HUDPlacement.swift */,
				B1000000000000000000006A /* LaunchAtLoginService.swift */,
				B10000000000000000000A0B /* ModelDirectoryService.swift */,
				B10000000000000000000B05 /* WhisperModelCache.swift */,
				B10000000000000000000B09 /* ErrorReporter.swift */,
				B10000000000000000000D01 /* SoundEffects.swift */,
				B10000000000000000000D03 /* DiagnosticLog.swift */,
				B10000000000000000000D05 /* AppLifecycle.swift */,
				B10000000000000000000E03 /* UpdateChecker.swift */,
				B1000000000000000000003F /* PipelineCoordinator.swift */,
			);
			path = Services;
			sourceTree = "<group>";
		};
		B10000000000000000000021 /* Models */ = {
			isa = PBXGroup;
			children = (
				B1000000000000000000001B /* AppSettings.swift */,
				B10000000000000000000035 /* AIProviderKind.swift */,
				B10000000000000000000037 /* PromptDefaults.swift */,
				B10000000000000000000039 /* PipelineError.swift */,
				B10000000000000000000024 /* HUDState.swift */,
				B1000000000000000000004B /* HUDErrorMessage.swift */,
				B10000000000000000000028 /* HotkeyBinding.swift */,
				B10000000000000000000B01 /* WhisperModelCatalog.swift */,
			);
			path = Models;
			sourceTree = "<group>";
		};
		B10000000000000000000022 /* Preferences */ = {
			isa = PBXGroup;
			children = (
				B1000000000000000000001D /* PreferencesView.swift */,
				B1000000000000000000001F /* GeneralPreferences.swift */,
				B10000000000000000000B03 /* SpeechPreferences.swift */,
				B1000000000000000000002C /* HotkeyPreferences.swift */,
				B10000000000000000000041 /* AIProviderPreferences.swift */,
				B10000000000000000000B07 /* ContactPreferences.swift */,
			);
			path = Preferences;
			sourceTree = "<group>";
		};
		B10000000000000000000C00 /* Welcome */ = {
			isa = PBXGroup;
			children = (
				B10000000000000000000C01 /* WelcomeView.swift */,
			);
			path = Welcome;
			sourceTree = "<group>";
		};
		B10000000000000000000044 /* AI */ = {
			isa = PBXGroup;
			children = (
				B1000000000000000000003B /* AIProvider.swift */,
				B1000000000000000000003D /* GeminiProvider.swift */,
				B10000000000000000000A01 /* ProviderSpec.swift */,
				B10000000000000000000A03 /* ProviderRegistry.swift */,
				B10000000000000000000A05 /* ModelCatalog.swift */,
				B10000000000000000000A07 /* OpenAICompatibleProvider.swift */,
				B10000000000000000000A09 /* AnthropicProvider.swift */,
			);
			path = AI;
			sourceTree = "<group>";
		};
/* End PBXGroup section */

/* Begin PBXNativeTarget section */
		B1000000000000000000000E /* app */ = {
			isa = PBXNativeTarget;
			buildConfigurationList = B1000000000000000000000F /* Build configuration list for PBXNativeTarget "VoicePrompt" */;
			buildPhases = (
				B10000000000000000000010 /* Sources */,
				B10000000000000000000009 /* Frameworks */,
				B10000000000000000000011 /* Resources */,
			);
			buildRules = (
			);
			dependencies = (
			);
			name = Dove;
			packageProductDependencies = (
				B10000000000000000000031 /* WhisperKit */,
			);
			productName = Dove;
			productReference = B10000000000000000000007 /* Dove.app */;
			productType = "com.apple.product-type.application";
		};
/* End PBXNativeTarget section */

/* Begin PBXProject section */
		B10000000000000000000012 /* Project object */ = {
			isa = PBXProject;
			attributes = {
				BuildIndependentTargetsInParallel = 1;
				LastSwiftUpdateCheck = 2600;
				LastUpgradeCheck = 2600;
				TargetAttributes = {
					B1000000000000000000000E = {
						CreatedOnToolsVersion = 26.0;
					};
				};
			};
			buildConfigurationList = B10000000000000000000013 /* Build configuration list for PBXProject "VoicePrompt" */;
			compatibilityVersion = "Xcode 14.0";
			developmentRegion = en;
			hasScannedForEncodings = 0;
			knownRegions = (
				en,
				Base,
			);
			mainGroup = B1000000000000000000000A;
			packageReferences = (
				B10000000000000000000030 /* XCRemoteSwiftPackageReference "argmax-oss-swift" */,
			);
			productRefGroup = B1000000000000000000000C /* Products */;
			projectDirPath = "";
			projectRoot = "";
			targets = (
				B1000000000000000000000E /* VoicePrompt */,
			);
		};
/* End PBXProject section */

/* Begin PBXResourcesBuildPhase section */
		B10000000000000000000011 /* Resources */ = {
			isa = PBXResourcesBuildPhase;
			buildActionMask = 2147483647;
			files = (
				B10000000000000000000005 /* Assets.xcassets in Resources */,
			);
			runOnlyForDeploymentPostprocessing = 0;
		};
/* End PBXResourcesBuildPhase section */

/* Begin PBXSourcesBuildPhase section */
		B10000000000000000000010 /* Sources */ = {
			isa = PBXSourcesBuildPhase;
			buildActionMask = 2147483647;
			files = (
				B10000000000000000000001 /* VoicePromptApp.swift in Sources */,
				B10000000000000000000003 /* MenuBarMenu.swift in Sources */,
				B10000000000000000000018 /* KeychainService.swift in Sources */,
				B1000000000000000000001A /* AppSettings.swift in Sources */,
				B1000000000000000000001C /* PreferencesView.swift in Sources */,
				B1000000000000000000001E /* GeneralPreferences.swift in Sources */,
				B10000000000000000000023 /* HUDState.swift in Sources */,
				B10000000000000000000025 /* HotkeyManager.swift in Sources */,
				B10000000000000000000027 /* HotkeyBinding.swift in Sources */,
				B10000000000000000000029 /* AudioRecorder.swift in Sources */,
				B1000000000000000000002B /* HotkeyPreferences.swift in Sources */,
				B1000000000000000000002D /* PermissionsHelper.swift in Sources */,
				B10000000000000000000034 /* TranscriptionService.swift in Sources */,
				B10000000000000000000036 /* AIProviderKind.swift in Sources */,
				B10000000000000000000038 /* PromptDefaults.swift in Sources */,
				B1000000000000000000003A /* PipelineError.swift in Sources */,
				B1000000000000000000003C /* AIProvider.swift in Sources */,
				B1000000000000000000003E /* GeminiProvider.swift in Sources */,
				B10000000000000000000A02 /* ProviderSpec.swift in Sources */,
				B10000000000000000000A04 /* ProviderRegistry.swift in Sources */,
				B10000000000000000000A06 /* ModelCatalog.swift in Sources */,
				B10000000000000000000A08 /* OpenAICompatibleProvider.swift in Sources */,
				B10000000000000000000A0A /* AnthropicProvider.swift in Sources */,
				B10000000000000000000A0C /* ModelDirectoryService.swift in Sources */,
				B10000000000000000000B02 /* WhisperModelCatalog.swift in Sources */,
				B10000000000000000000B04 /* SpeechPreferences.swift in Sources */,
				B10000000000000000000B06 /* WhisperModelCache.swift in Sources */,
				B10000000000000000000B08 /* ContactPreferences.swift in Sources */,
				B10000000000000000000C02 /* WelcomeView.swift in Sources */,
				B10000000000000000000B0A /* ErrorReporter.swift in Sources */,
				B10000000000000000000D02 /* SoundEffects.swift in Sources */,
				B10000000000000000000D04 /* DiagnosticLog.swift in Sources */,
				B10000000000000000000D06 /* AppLifecycle.swift in Sources */,
				B10000000000000000000048 /* RecordingCleanup.swift in Sources */,
				B1000000000000000000004A /* TextInserter.swift in Sources */,
				B10000000000000000000040 /* PipelineCoordinator.swift in Sources */,
				B10000000000000000000042 /* AIProviderPreferences.swift in Sources */,
				B1000000000000000000004C /* HUDErrorMessage.swift in Sources */,
				B1000000000000000000004E /* HUDController.swift in Sources */,
				B1000000000000000000005C /* HUDPlacement.swift in Sources */,
				B10000000000000000000050 /* HUDPanel.swift in Sources */,
				B10000000000000000000052 /* HUDCapsule.swift in Sources */,
				B10000000000000000000054 /* ListeningView.swift in Sources */,
				B10000000000000000000056 /* ProcessingView.swift in Sources */,
				B10000000000000000000058 /* SuccessView.swift in Sources */,
				B1000000000000000000005A /* ErrorView.swift in Sources */,
				B1000000000000000000005F /* DoveTheme.swift in Sources */,
				B10000000000000000000061 /* DoveFormComponents.swift in Sources */,
				B10000000000000000000063 /* DoveSettingsSection.swift in Sources */,
				B10000000000000000000065 /* DoveSettingsWindow.swift in Sources */,
				B10000000000000000000068 /* DoveAppConfig.swift in Sources */,
				B10000000000000000000E02 /* DoveReleaseConfig.swift in Sources */,
				B10000000000000000000E04 /* UpdateChecker.swift in Sources */,
				B1000000000000000000006B /* LaunchAtLoginService.swift in Sources */,
			);
			runOnlyForDeploymentPostprocessing = 0;
		};
/* End PBXSourcesBuildPhase section */

/* Begin XCBuildConfiguration section */
		B10000000000000000000014 /* Debug */ = {
			isa = XCBuildConfiguration;
			buildSettings = {
				ALWAYS_SEARCH_USER_PATHS = NO;
				ASSETCATALOG_COMPILER_GENERATE_SWIFT_ASSET_SYMBOL_EXTENSIONS = YES;
				CLANG_ANALYZER_NONNULL = YES;
				CLANG_ANALYZER_NUMBER_OBJECT_CONVERSION = YES_AGGRESSIVE;
				CLANG_CXX_LANGUAGE_STANDARD = "gnu++20";
				CLANG_ENABLE_MODULES = YES;
				CLANG_ENABLE_OBJC_ARC = YES;
				CLANG_ENABLE_OBJC_WEAK = YES;
				CLANG_WARN_BLOCK_CAPTURE_AUTORELEASING = YES;
				CLANG_WARN_BOOL_CONVERSION = YES;
				CLANG_WARN_COMMA = YES;
				CLANG_WARN_CONSTANT_CONVERSION = YES;
				CLANG_WARN_DEPRECATED_OBJC_IMPLEMENTATIONS = YES;
				CLANG_WARN_DIRECT_OBJC_ISA_USAGE = YES_ERROR;
				CLANG_WARN_DOCUMENTATION_COMMENTS = YES;
				CLANG_WARN_EMPTY_BODY = YES;
				CLANG_WARN_ENUM_CONVERSION = YES;
				CLANG_WARN_INFINITE_RECURSION = YES;
				CLANG_WARN_INT_CONVERSION = YES;
				CLANG_WARN_NON_LITERAL_NULL_CONVERSION = YES;
				CLANG_WARN_OBJC_IMPLICIT_RETAIN_SELF = YES;
				CLANG_WARN_OBJC_LITERAL_CONVERSION = YES;
				CLANG_WARN_OBJC_ROOT_CLASS = YES_ERROR;
				CLANG_WARN_QUOTED_INCLUDE_IN_FRAMEWORK_HEADER = YES;
				CLANG_WARN_RANGE_LOOP_ANALYSIS = YES;
				CLANG_WARN_STRICT_PROTOTYPES = YES;
				CLANG_WARN_SUSPICIOUS_MOVE = YES;
				CLANG_WARN_UNGUARDED_AVAILABILITY = YES_AGGRESSIVE;
				CLANG_WARN_UNREACHABLE_CODE = YES;
				CLANG_WARN__DUPLICATE_METHOD_MATCH = YES;
				COPY_PHASE_STRIP = NO;
				DEBUG_INFORMATION_FORMAT = dwarf;
				ENABLE_STRICT_OBJC_MSGSEND = YES;
				ENABLE_TESTABILITY = YES;
				ENABLE_USER_SCRIPT_SANDBOXING = YES;
				GCC_C_LANGUAGE_STANDARD = gnu17;
				GCC_DYNAMIC_NO_PIC = NO;
				GCC_NO_COMMON_BLOCKS = YES;
				GCC_OPTIMIZATION_LEVEL = 0;
				GCC_PREPROCESSOR_DEFINITIONS = (
					"DEBUG=1",
					"$(inherited)",
				);
				GCC_WARN_64_TO_32_BIT_CONVERSION = YES;
				GCC_WARN_ABOUT_RETURN_TYPE = YES_ERROR;
				GCC_WARN_UNDECLARED_SELECTOR = YES;
				GCC_WARN_UNINITIALIZED_AUTOS = YES_AGGRESSIVE;
				GCC_WARN_UNUSED_FUNCTION = YES;
				GCC_WARN_UNUSED_VARIABLE = YES;
				LOCALIZATION_PREFERS_STRING_CATALOGS = YES;
				MACOSX_DEPLOYMENT_TARGET = 14.0;
				MTL_ENABLE_DEBUG_INFO = INCLUDE_SOURCE;
				MTL_FAST_MATH = YES;
				ONLY_ACTIVE_ARCH = YES;
				SDKROOT = macosx;
				SWIFT_ACTIVE_COMPILATION_CONDITIONS = "DEBUG $(inherited)";
				SWIFT_OPTIMIZATION_LEVEL = "-Onone";
			};
			name = Debug;
		};
		B10000000000000000000015 /* Release */ = {
			isa = XCBuildConfiguration;
			buildSettings = {
				ALWAYS_SEARCH_USER_PATHS = NO;
				ASSETCATALOG_COMPILER_GENERATE_SWIFT_ASSET_SYMBOL_EXTENSIONS = YES;
				CLANG_ANALYZER_NONNULL = YES;
				CLANG_ANALYZER_NUMBER_OBJECT_CONVERSION = YES_AGGRESSIVE;
				CLANG_CXX_LANGUAGE_STANDARD = "gnu++20";
				CLANG_ENABLE_MODULES = YES;
				CLANG_ENABLE_OBJC_ARC = YES;
				CLANG_ENABLE_OBJC_WEAK = YES;
				CLANG_WARN_BLOCK_CAPTURE_AUTORELEASING = YES;
				CLANG_WARN_BOOL_CONVERSION = YES;
				CLANG_WARN_COMMA = YES;
				CLANG_WARN_CONSTANT_CONVERSION = YES;
				CLANG_WARN_DEPRECATED_OBJC_IMPLEMENTATIONS = YES;
				CLANG_WARN_DIRECT_OBJC_ISA_USAGE = YES_ERROR;
				CLANG_WARN_DOCUMENTATION_COMMENTS = YES;
				CLANG_WARN_EMPTY_BODY = YES;
				CLANG_WARN_ENUM_CONVERSION = YES;
				CLANG_WARN_INFINITE_RECURSION = YES;
				CLANG_WARN_INT_CONVERSION = YES;
				CLANG_WARN_NON_LITERAL_NULL_CONVERSION = YES;
				CLANG_WARN_OBJC_IMPLICIT_RETAIN_SELF = YES;
				CLANG_WARN_OBJC_LITERAL_CONVERSION = YES;
				CLANG_WARN_OBJC_ROOT_CLASS = YES_ERROR;
				CLANG_WARN_QUOTED_INCLUDE_IN_FRAMEWORK_HEADER = YES;
				CLANG_WARN_RANGE_LOOP_ANALYSIS = YES;
				CLANG_WARN_STRICT_PROTOTYPES = YES;
				CLANG_WARN_SUSPICIOUS_MOVE = YES;
				CLANG_WARN_UNGUARDED_AVAILABILITY = YES_AGGRESSIVE;
				CLANG_WARN_UNREACHABLE_CODE = YES;
				CLANG_WARN__DUPLICATE_METHOD_MATCH = YES;
				COPY_PHASE_STRIP = NO;
				DEBUG_INFORMATION_FORMAT = "dwarf-with-dsym";
				ENABLE_NS_ASSERTIONS = NO;
				ENABLE_STRICT_OBJC_MSGSEND = YES;
				ENABLE_USER_SCRIPT_SANDBOXING = YES;
				GCC_C_LANGUAGE_STANDARD = gnu17;
				GCC_NO_COMMON_BLOCKS = YES;
				GCC_WARN_64_TO_32_BIT_CONVERSION = YES;
				GCC_WARN_ABOUT_RETURN_TYPE = YES_ERROR;
				GCC_WARN_UNDECLARED_SELECTOR = YES;
				GCC_WARN_UNINITIALIZED_AUTOS = YES_AGGRESSIVE;
				GCC_WARN_UNUSED_FUNCTION = YES;
				GCC_WARN_UNUSED_VARIABLE = YES;
				LOCALIZATION_PREFERS_STRING_CATALOGS = YES;
				MACOSX_DEPLOYMENT_TARGET = 14.0;
				MTL_ENABLE_DEBUG_INFO = NO;
				MTL_FAST_MATH = YES;
				SDKROOT = macosx;
				SWIFT_COMPILATION_MODE = wholemodule;
			};
			name = Release;
		};
		B10000000000000000000016 /* Debug */ = {
			isa = XCBuildConfiguration;
			buildSettings = {
				ASSETCATALOG_COMPILER_APPICON_NAME = AppIcon;
				ASSETCATALOG_COMPILER_GLOBAL_ACCENT_COLOR_NAME = AccentColor;
				CODE_SIGN_ENTITLEMENTS = app/Dove.entitlements;
				CODE_SIGN_STYLE = Automatic;
				COMBINE_HIDPI_IMAGES = YES;
				CURRENT_PROJECT_VERSION = 1;
				DEVELOPMENT_TEAM = 3RHMF3X8YY;
				ENABLE_HARDENED_RUNTIME = YES;
				GENERATE_INFOPLIST_FILE = NO;
				INFOPLIST_FILE = app/Info.plist;
				INFOPLIST_KEY_NSHumanReadableCopyright = "Copyright © 2026 Mandeep. All rights reserved.";
				LD_RUNPATH_SEARCH_PATHS = (
					"$(inherited)",
					"@executable_path/../Frameworks",
				);
				MARKETING_VERSION = 1.0;
				PRODUCT_BUNDLE_IDENTIFIER = com.mandeep.Dove;
				PRODUCT_NAME = Dove;
				SWIFT_EMIT_LOC_STRINGS = YES;
				SWIFT_VERSION = 5.0;
			};
			name = Debug;
		};
		B10000000000000000000017 /* Release */ = {
			isa = XCBuildConfiguration;
			buildSettings = {
				ASSETCATALOG_COMPILER_APPICON_NAME = AppIcon;
				ASSETCATALOG_COMPILER_GLOBAL_ACCENT_COLOR_NAME = AccentColor;
				CODE_SIGN_ENTITLEMENTS = app/Dove.entitlements;
				CODE_SIGN_STYLE = Automatic;
				COMBINE_HIDPI_IMAGES = YES;
				CURRENT_PROJECT_VERSION = 1;
				DEVELOPMENT_TEAM = 3RHMF3X8YY;
				ENABLE_HARDENED_RUNTIME = YES;
				GENERATE_INFOPLIST_FILE = NO;
				INFOPLIST_FILE = app/Info.plist;
				INFOPLIST_KEY_NSHumanReadableCopyright = "Copyright © 2026 Mandeep. All rights reserved.";
				LD_RUNPATH_SEARCH_PATHS = (
					"$(inherited)",
					"@executable_path/../Frameworks",
				);
				MARKETING_VERSION = 1.0;
				PRODUCT_BUNDLE_IDENTIFIER = com.mandeep.Dove;
				PRODUCT_NAME = Dove;
				SWIFT_EMIT_LOC_STRINGS = YES;
				SWIFT_VERSION = 5.0;
			};
			name = Release;
		};
/* End XCBuildConfiguration section */

/* Begin XCConfigurationList section */
		B1000000000000000000000F /* Build configuration list for PBXNativeTarget "VoicePrompt" */ = {
			isa = XCConfigurationList;
			buildConfigurations = (
				B10000000000000000000016 /* Debug */,
				B10000000000000000000017 /* Release */,
			);
			defaultConfigurationIsVisible = 0;
			defaultConfigurationName = Release;
		};
		B10000000000000000000013 /* Build configuration list for PBXProject "VoicePrompt" */ = {
			isa = XCConfigurationList;
			buildConfigurations = (
				B10000000000000000000014 /* Debug */,
				B10000000000000000000015 /* Release */,
			);
			defaultConfigurationIsVisible = 0;
			defaultConfigurationName = Release;
		};
/* End XCConfigurationList section */

/* Begin XCRemoteSwiftPackageReference section */
		B10000000000000000000030 /* XCRemoteSwiftPackageReference "argmax-oss-swift" */ = {
			isa = XCRemoteSwiftPackageReference;
			repositoryURL = "https://github.com/argmaxinc/argmax-oss-swift";
			requirement = {
				kind = upToNextMajorVersion;
				minimumVersion = 0.9.0;
			};
		};
/* End XCRemoteSwiftPackageReference section */

/* Begin XCSwiftPackageProductDependency section */
		B10000000000000000000031 /* WhisperKit */ = {
			isa = XCSwiftPackageProductDependency;
			package = B10000000000000000000030 /* XCRemoteSwiftPackageReference "argmax-oss-swift" */;
			productName = WhisperKit;
		};
/* End XCSwiftPackageProductDependency section */
	};
	rootObject = B10000000000000000000012 /* Project object */;
}
